
Microsoft Visual Studio Solution File, Format Version 12.00
# Visual Studio Version 17
VisualStudioVersion = 17.9.34526.213
MinimumVisualStudioVersion = 10.0.40219.1
Project("{9A19103F-16F7-4668-BE54-9A1E7A4F7556}") = "Project00ChefGame", "Project00ChefGame.csproj", "{F3A8216F-BAEE-43F5-B45F-1E10F7391EB4}"
EndProject
Global
	GlobalSection(SolutionConfigurationPlatforms) = preSolution
		Debug|Any CPU = Debug|Any CPU
		ExportDebug|Any CPU = ExportDebug|Any CPU
		ExportRelease|Any CPU = ExportRelease|Any CPU
	EndGlobalSection
	GlobalSection(ProjectConfigurationPlatforms) = postSolution
		{F3A8216F-BAEE-43F5-B45F-1E10F7391EB4}.Debug|Any CPU.ActiveCfg = Debug|Any CPU
		{F3A8216F-BAEE-43F5-B45F-1E10F7391EB4}.Debug|Any CPU.Build.0 = Debug|Any CPU
		{F3A8216F-BAEE-43F5-B45F-1E10F7391EB4}.ExportDebug|Any CPU.ActiveCfg = ExportDebug|Any CPU
		{F3A8216F-BAEE-43F5-B45F-1E10F7391EB4}.ExportDebug|Any CPU.Build.0 = ExportDebug|Any CPU
		{F3A8216F-BAEE-43F5-B45F-1E10F7391EB4}.ExportRelease|Any CPU.ActiveCfg = ExportRelease|Any CPU
		{F3A8216F-BAEE-43F5-B45F-1E10F7391EB4}.ExportRelease|Any CPU.Build.0 = ExportRelease|Any CPU
	EndGlobalSection
	GlobalSection(SolutionProperties) = preSolution
		HideSolutionNode = FALSE
	EndGlobalSection
EndGlobal
